# This file is autogenerated, do not edit; changes may be undone by the next 'dep ensure'.


[[projects]]
  branch = "master"
  name = "github.com/vsergeev/btckeygenie"
  packages = ["btckey"]
  revision = "bcbf17fcb87bd43681bef0cdcc528f1d836a6b61"

[[projects]]
  branch = "master"
  name = "golang.org/x/crypto"
  packages = ["ripemd160"]
  revision = "9419663f5a44be8b34ca85f08abc5fe1be11f8a3"

[solve-meta]
  analyzer-name = "dep"
  analyzer-version = 1
  inputs-digest = "36a4163a07f064dae95b18ade7adfec82bcb1fd5099b3a81bb8ee654c56233c8"
  solver-name = "gps-cdcl"
  solver-version = 1
